// !$*UTF8*$!
{
	archiveVersion = 1;
	classes = {
	};
	objectVersion = 77;
	objects = {

/* Begin PBXContainerItemProxy section */
		9607ACEF2D3B792800E5606B /* PBXContainerItemProxy */ = {
			isa = PBXContainerItemProxy;
			containerPortal = 9607ACD62D3B792500E5606B /* Project object */;
			proxyType = 1;
			remoteGlobalIDString = 9607ACDD2D3B792500E5606B;
			remoteInfo = RingOrPing;
		};
		9607ACF92D3B792800E5606B /* PBXContainerItemProxy */ = {
			isa = PBXContainerItemProxy;
			containerPortal = 9607ACD62D3B792500E5606B /* Project object */;
			proxyType = 1;
			remoteGlobalIDString = 9607ACDD2D3B792500E5606B;
			remoteInfo = RingOrPing;
		};
/* End PBXContainerItemProxy section */

/* Begin PBXFileReference section */
		9607ACDE2D3B792500E5606B /* RingOrPing.app */ = {isa = PBXFileReference; explicitFileType = wrapper.application; includeInIndex = 0; path = RingOrPing.app; sourceTree = BUILT_PRODUCTS_DIR; };
		9607ACEE2D3B792800E5606B /* RingOrPingTests.xctest */ = {isa = PBXFileReference; explicitFileType = wrapper.cfbundle; includeInIndex = 0; path = RingOrPingTests.xctest; sourceTree = BUILT_PRODUCTS_DIR; };
		9607ACF82D3B792800E5606B /* RingOrPingUITests.xctest */ = {isa = PBXFileReference; explicitFileType = wrapper.cfbundle; includeInIndex = 0; path = RingOrPingUITests.xctest; sourceTree = BUILT_PRODUCTS_DIR; };
/* End PBXFileReference section */

/* Begin PBXFileSystemSynchronizedBuildFileExceptionSet section */
		9607AD2E2D3C66C200E5606B /* Exceptions for "RingOrPing" folder in "RingOrPingTests" target */ = {
			isa = PBXFileSystemSynchronizedBuildFileExceptionSet;
			membershipExceptions = (
				alarm.wav,
				alarmlong.wav,
			);
			target = 9607ACED2D3B792800E5606B /* RingOrPingTests */;
		};
		9607AD2F2D3C66C200E5606B /* Exceptions for "RingOrPing" folder in "RingOrPingUITests" target */ = {
			isa = PBXFileSystemSynchronizedBuildFileExceptionSet;
			membershipExceptions = (
				alarm.wav,
				alarmlong.wav,
			);
			target = 9607ACF72D3B792800E5606B /* RingOrPingUITests */;
		};
/* End PBXFileSystemSynchronizedBuildFileExceptionSet section */

/* Begin PBXFileSystemSynchronizedRootGroup section */
		9607ACE02D3B792500E5606B /* RingOrPing */ = {
			isa = PBXFileSystemSynchronizedRootGroup;
			exceptions = (
				9607AD2E2D3C66C200E5606B /* Exceptions for "RingOrPing" folder in "RingOrPingTests" target */,
				9607AD2F2D3C66C200E5606B /* Exceptions for "RingOrPing" folder in "RingOrPingUITests" target */,
			);
			path = RingOrPing;
			sourceTree = "<group>";
		};
		9607ACF12D3B792800E5606B /* RingOrPingTests */ = {
			isa = PBXFileSystemSynchronizedRootGroup;
			path = RingOrPingTests;
			sourceTree = "<group>";
		};
		9607ACFB2D3B792800E5606B /* RingOrPingUITests */ = {
			isa = PBXFileSystemSynchronizedRootGroup;
			path = RingOrPingUITests;
			sourceTree = "<group>";
		};
/* End PBXFileSystemSynchronizedRootGroup section */

/* Begin PBXFrameworksBuildPhase section */
		9607ACDB2D3B792500E5606B /* Frameworks */ = {
			isa = PBXFrameworksBuildPhase;
			buildActionMask = 2147483647;
			files = (
			);
			runOnlyForDeploymentPostprocessing = 0;
		};
		9607ACEB2D3B792800E5606B /* Frameworks */ = {
			isa = PBXFrameworksBuildPhase;
			buildActionMask = 2147483647;
			files = (
			);
			runOnlyForDeploymentPostprocessing = 0;
		};
		9607ACF52D3B792800E5606B /* Frameworks */ = {
			isa = PBXFrameworksBuildPhase;
			buildActionMask = 2147483647;
			files = (
			);
			runOnlyForDeploymentPostprocessing = 0;
		};
/* End PBXFrameworksBuildPhase section */

/* Begin PBXGroup section */
		9607ACD52D3B792500E5606B = {
			isa = PBXGroup;
			children = (
				9607ACE02D3B792500E5606B /* RingOrPing */,
				9607ACF12D3B792800E5606B /* RingOrPingTests */,
				9607ACFB2D3B792800E5606B /* RingOrPingUITests */,
				9607ACDF2D3B792500E5606B /* Products */,
			);
			sourceTree = "<group>";
		};
		9607ACDF2D3B792500E5606B /* Products */ = {
			isa = PBXGroup;
			children = (
				9607ACDE2D3B792500E5606B /* RingOrPing.app */,
				9607ACEE2D3B792800E5606B /* RingOrPingTests.xctest */,
				9607ACF82D3B792800E5606B /* RingOrPingUITests.xctest */,
			);
			name = Products;
			sourceTree = "<group>";
		};
/* End PBXGroup section */

/* Begin PBXNativeTarget section */
		9607ACDD2D3B792500E5606B /* RingOrPing */ = {
			isa = PBXNativeTarget;
			buildConfigurationList = 9607AD022D3B792800E5606B /* Build configuration list for PBXNativeTarget "RingOrPing" */;
			buildPhases = (
				9607ACDA2D3B792500E5606B /* Sources */,
				9607ACDB2D3B792500E5606B /* Frameworks */,
				9607ACDC2D3B792500E5606B /* Resources */,
			);
			buildRules = (
			);
			dependencies = (
			);
			fileSystemSynchronizedGroups = (
				9607ACE02D3B792500E5606B /* RingOrPing */,
			);
			name = RingOrPing;
			packageProductDependencies = (
			);
			productName = RingOrPing;
			productReference = 9607ACDE2D3B792500E5606B /* RingOrPing.app */;
			productType = "com.apple.product-type.application";
		};
		9607ACED2D3B792800E5606B /* RingOrPingTests */ = {
			isa = PBXNativeTarget;
			buildConfigurationList = 9607AD052D3B792800E5606B /* Build configuration list for PBXNativeTarget "RingOrPingTests" */;
			buildPhases = (
				9607ACEA2D3B792800E5606B /* Sources */,
				9607ACEB2D3B792800E5606B /* Frameworks */,
				9607ACEC2D3B792800E5606B /* Resources */,
			);
			buildRules = (
			);
			dependencies = (
				9607ACF02D3B792800E5606B /* PBXTargetDependency */,
			);
			fileSystemSynchronizedGroups = (
				9607ACF12D3B792800E5606B /* RingOrPingTests */,
			);
			name = RingOrPingTests;
			packageProductDependencies = (
			);
			productName = RingOrPingTests;
			productReference = 9607ACEE2D3B792800E5606B /* RingOrPingTests.xctest */;
			productType = "com.apple.product-type.bundle.unit-test";
		};
		9607ACF72D3B792800E5606B /* RingOrPingUITests */ = {
			isa = PBXNativeTarget;
			buildConfigurationList = 9607AD082D3B792800E5606B /* Build configuration list for PBXNativeTarget "RingOrPingUITests" */;
			buildPhases = (
				9607ACF42D3B792800E5606B /* Sources */,
				9607ACF52D3B792800E5606B /* Frameworks */,
				9607ACF62D3B792800E5606B /* Resources */,
			);
			buildRules = (
			);
			dependencies = (
				9607ACFA2D3B792800E5606B /* PBXTargetDependency */,
			);
			fileSystemSynchronizedGroups = (
				9607ACFB2D3B792800E5606B /* RingOrPingUITests */,
			);
			name = RingOrPingUITests;
			packageProductDependencies = (
			);
			productName = RingOrPingUITests;
			productReference = 9607ACF82D3B792800E5606B /* RingOrPingUITests.xctest */;
			productType = "com.apple.product-type.bundle.ui-testing";
		};
/* End PBXNativeTarget section */

/* Begin PBXProject section */
		9607ACD62D3B792500E5606B /* Project object */ = {
			isa = PBXProject;
			attributes = {
				BuildIndependentTargetsInParallel = 1;
				LastSwiftUpdateCheck = 1620;
				LastUpgradeCheck = 1620;
				TargetAttributes = {
					9607ACDD2D3B792500E5606B = {
						CreatedOnToolsVersion = 16.2;
					};
					9607ACED2D3B792800E5606B = {
						CreatedOnToolsVersion = 16.2;
						TestTargetID = 9607ACDD2D3B792500E5606B;
					};
					9607ACF72D3B792800E5606B = {
						CreatedOnToolsVersion = 16.2;
						TestTargetID = 9607ACDD2D3B792500E5606B;
					};
				};
			};
			buildConfigurationList = 9607ACD92D3B792500E5606B /* Build configuration list for PBXProject "RingOrPing" */;
			developmentRegion = en;
			hasScannedForEncodings = 0;
			knownRegions = (
				en,
				Base,
			);
			mainGroup = 9607ACD52D3B792500E5606B;
			minimizedProjectReferenceProxies = 1;
			preferredProjectObjectVersion = 77;
			productRefGroup = 9607ACDF2D3B792500E5606B /* Products */;
			projectDirPath = "";
			projectRoot = "";
			targets = (
				9607ACDD2D3B792500E5606B /* RingOrPing */,
				9607ACED2D3B792800E5606B /* RingOrPingTests */,
				9607ACF72D3B792800E5606B /* RingOrPingUITests */,
			);
		};
/* End PBXProject section */

/* Begin PBXResourcesBuildPhase section */
		9607ACDC2D3B792500E5606B /* Resources */ = {
			isa = PBXResourcesBuildPhase;
			buildActionMask = 2147483647;
			files = (
			);
			runOnlyForDeploymentPostprocessing = 0;
		};
		9607ACEC2D3B792800E5606B /* Resources */ = {
			isa = PBXResourcesBuildPhase;
			buildActionMask = 2147483647;
			files = (
			);
			runOnlyForDeploymentPostprocessing = 0;
		};
		9607ACF62D3B792800E5606B /* Resources */ = {
			isa = PBXResourcesBuildPhase;
			buildActionMask = 2147483647;
			files = (
			);
			runOnlyForDeploymentPostprocessing = 0;
		};
/* End PBXResourcesBuildPhase section */

/* Begin PBXSourcesBuildPhase section */
		9607ACDA2D3B792500E5606B /* Sources */ = {
			isa = PBXSourcesBuildPhase;
			buildActionMask = 2147483647;
			files = (
			);
			runOnlyForDeploymentPostprocessing = 0;
		};
		9607ACEA2D3B792800E5606B /* Sources */ = {
			isa = PBXSourcesBuildPhase;
			buildActionMask = 2147483647;
			files = (
			);
			runOnlyForDeploymentPostprocessing = 0;
		};
		9607ACF42D3B792800E5606B /* Sources */ = {
			isa = PBXSourcesBuildPhase;
			buildActionMask = 2147483647;
			files = (
			);
			runOnlyForDeploymentPostprocessing = 0;
		};
/* End PBXSourcesBuildPhase section */

/* Begin PBXTargetDependency section */
		9607ACF02D3B792800E5606B /* PBXTargetDependency */ = {
			isa = PBXTargetDependency;
			target = 9607ACDD2D3B792500E5606B /* RingOrPing */;
			targetProxy = 9607ACEF2D3B792800E5606B /* PBXContainerItemProxy */;
		};
		9607ACFA2D3B792800E5606B /* PBXTargetDependency */ = {
			isa = PBXTargetDependency;
			target = 9607ACDD2D3B792500E5606B /* RingOrPing */;
			targetProxy = 9607ACF92D3B792800E5606B /* PBXContainerItemProxy */;
		};
/* End PBXTargetDependency section */

/* Begin XCBuildConfiguration section */
		9607AD002D3B792800E5606B /* Debug */ = {
			isa = XCBuildConfiguration;
			buildSettings = {
				ALWAYS_SEARCH_USER_PATHS = NO;
				ASSETCATALOG_COMPILER_GENERATE_SWIFT_ASSET_SYMBOL_EXTENSIONS = YES;
				CLANG_ANALYZER_NONNULL = YES;
				CLANG_ANALYZER_NUMBER_OBJECT_CONVERSION = YES_AGGRESSIVE;
				CLANG_CXX_LANGUAGE_STANDARD = "gnu++20";
				CLANG_ENABLE_MODULES = YES;
				CLANG_ENABLE_OBJC_ARC = YES;
				CLANG_ENABLE_OBJC_WEAK = YES;
				CLANG_WARN_BLOCK_CAPTURE_AUTORELEASING = YES;
				CLANG_WARN_BOOL_CONVERSION = YES;
				CLANG_WARN_COMMA = YES;
				CLANG_WARN_CONSTANT_CONVERSION = YES;
				CLANG_WARN_DEPRECATED_OBJC_IMPLEMENTATIONS = YES;
				CLANG_WARN_DIRECT_OBJC_ISA_USAGE = YES_ERROR;
				CLANG_WARN_DOCUMENTATION_COMMENTS = YES;
				CLANG_WARN_EMPTY_BODY = YES;
				CLANG_WARN_ENUM_CONVERSION = YES;
				CLANG_WARN_INFINITE_RECURSION = YES;
				CLANG_WARN_INT_CONVERSION = YES;
				CLANG_WARN_NON_LITERAL_NULL_CONVERSION = YES;
				CLANG_WARN_OBJC_IMPLICIT_RETAIN_SELF = YES;
				CLANG_WARN_OBJC_LITERAL_CONVERSION = YES;
				CLANG_WARN_OBJC_ROOT_CLASS = YES_ERROR;
				CLANG_WARN_QUOTED_INCLUDE_IN_FRAMEWORK_HEADER = YES;
				CLANG_WARN_RANGE_LOOP_ANALYSIS = YES;
				CLANG_WARN_STRICT_PROTOTYPES = YES;
				CLANG_WARN_SUSPICIOUS_MOVE = YES;
				CLANG_WARN_UNGUARDED_AVAILABILITY = YES_AGGRESSIVE;
				CLANG_WARN_UNREACHABLE_CODE = YES;
				CLANG_WARN__DUPLICATE_METHOD_MATCH = YES;
				COPY_PHASE_STRIP = NO;
				DEBUG_INFORMATION_FORMAT = dwarf;
				ENABLE_STRICT_OBJC_MSGSEND = YES;
				ENABLE_TESTABILITY = YES;
				ENABLE_USER_SCRIPT_SANDBOXING = YES;
				GCC_C_LANGUAGE_STANDARD = gnu17;
				GCC_DYNAMIC_NO_PIC = NO;
				GCC_NO_COMMON_BLOCKS = YES;
				GCC_OPTIMIZATION_LEVEL = 0;
				GCC_PREPROCESSOR_DEFINITIONS = (
					"DEBUG=1",
					"$(inherited)",
				);
				GCC_WARN_64_TO_32_BIT_CONVERSION = YES;
				GCC_WARN_ABOUT_RETURN_TYPE = YES_ERROR;
				GCC_WARN_UNDECLARED_SELECTOR = YES;
				GCC_WARN_UNINITIALIZED_AUTOS = YES_AGGRESSIVE;
				GCC_WARN_UNUSED_FUNCTION = YES;
				GCC_WARN_UNUSED_VARIABLE = YES;
				IPHONEOS_DEPLOYMENT_TARGET = 18.2;
				LOCALIZATION_PREFERS_STRING_CATALOGS = YES;
				MTL_ENABLE_DEBUG_INFO = INCLUDE_SOURCE;
				MTL_FAST_MATH = YES;
				ONLY_ACTIVE_ARCH = YES;
				SDKROOT = iphoneos;
				SWIFT_ACTIVE_COMPILATION_CONDITIONS = "DEBUG $(inherited)";
				SWIFT_OPTIMIZATION_LEVEL = "-Onone";
			};
			name = Debug;
		};
		9607AD012D3B792800E5606B /* Release */ = {
			isa = XCBuildConfiguration;
			buildSettings = {
				ALWAYS_SEARCH_USER_PATHS = NO;
				ASSETCATALOG_COMPILER_GENERATE_SWIFT_ASSET_SYMBOL_EXTENSIONS = YES;
				CLANG_ANALYZER_NONNULL = YES;
				CLANG_ANALYZER_NUMBER_OBJECT_CONVERSION = YES_AGGRESSIVE;
				CLANG_CXX_LANGUAGE_STANDARD = "gnu++20";
				CLANG_ENABLE_MODULES = YES;
				CLANG_ENABLE_OBJC_ARC = YES;
				CLANG_ENABLE_OBJC_WEAK = YES;
				CLANG_WARN_BLOCK_CAPTURE_AUTORELEASING = YES;
				CLANG_WARN_BOOL_CONVERSION = YES;
				CLANG_WARN_COMMA = YES;
				CLANG_WARN_CONSTANT_CONVERSION = YES;
				CLANG_WARN_DEPRECATED_OBJC_IMPLEMENTATIONS = YES;
				CLANG_WARN_DIRECT_OBJC_ISA_USAGE = YES_ERROR;
				CLANG_WARN_DOCUMENTATION_COMMENTS = YES;
				CLANG_WARN_EMPTY_BODY = YES;
				CLANG_WARN_ENUM_CONVERSION = YES;
				CLANG_WARN_INFINITE_RECURSION = YES;
				CLANG_WARN_INT_CONVERSION = YES;
				CLANG_WARN_NON_LITERAL_NULL_CONVERSION = YES;
				CLANG_WARN_OBJC_IMPLICIT_RETAIN_SELF = YES;
				CLANG_WARN_OBJC_LITERAL_CONVERSION = YES;
				CLANG_WARN_OBJC_ROOT_CLASS = YES_ERROR;
				CLANG_WARN_QUOTED_INCLUDE_IN_FRAMEWORK_HEADER = YES;
				CLANG_WARN_RANGE_LOOP_ANALYSIS = YES;
				CLANG_WARN_STRICT_PROTOTYPES = YES;
				CLANG_WARN_SUSPICIOUS_MOVE = YES;
				CLANG_WARN_UNGUARDED_AVAILABILITY = YES_AGGRESSIVE;
				CLANG_WARN_UNREACHABLE_CODE = YES;
				CLANG_WARN__DUPLICATE_METHOD_MATCH = YES;
				COPY_PHASE_STRIP = NO;
				DEBUG_INFORMATION_FORMAT = "dwarf-with-dsym";
				ENABLE_NS_ASSERTIONS = NO;
				ENABLE_STRICT_OBJC_MSGSEND = YES;
				ENABLE_USER_SCRIPT_SANDBOXING = YES;
				GCC_C_LANGUAGE_STANDARD = gnu17;
				GCC_NO_COMMON_BLOCKS = YES;
				GCC_WARN_64_TO_32_BIT_CONVERSION = YES;
				GCC_WARN_ABOUT_RETURN_TYPE = YES_ERROR;
				GCC_WARN_UNDECLARED_SELECTOR = YES;
				GCC_WARN_UNINITIALIZED_AUTOS = YES_AGGRESSIVE;
				GCC_WARN_UNUSED_FUNCTION = YES;
				GCC_WARN_UNUSED_VARIABLE = YES;
				IPHONEOS_DEPLOYMENT_TARGET = 18.2;
				LOCALIZATION_PREFERS_STRING_CATALOGS = YES;
				MTL_ENABLE_DEBUG_INFO = NO;
				MTL_FAST_MATH = YES;
				SDKROOT = iphoneos;
				SWIFT_COMPILATION_MODE = wholemodule;
				VALIDATE_PRODUCT = YES;
			};
			name = Release;
		};
		9607AD032D3B792800E5606B /* Debug */ = {
			isa = XCBuildConfiguration;
			buildSettings = {
				ASSETCATALOG_COMPILER_APPICON_NAME = AppIcon;
				ASSETCATALOG_COMPILER_GLOBAL_ACCENT_COLOR_NAME = AccentColor;
				CODE_SIGN_STYLE = Automatic;
				CURRENT_PROJECT_VERSION = 1;
				DEVELOPMENT_ASSET_PATHS = "\"RingOrPing/Preview Content\"";
				ENABLE_PREVIEWS = YES;
				GENERATE_INFOPLIST_FILE = YES;
				INFOPLIST_KEY_UIApplicationSceneManifest_Generation = YES;
				INFOPLIST_KEY_UIApplicationSupportsIndirectInputEvents = YES;
				INFOPLIST_KEY_UILaunchScreen_Generation = YES;
				INFOPLIST_KEY_UISupportedInterfaceOrientations_iPad = "UIInterfaceOrientationPortrait UIInterfaceOrientationPortraitUpsideDown UIInterfaceOrientationLandscapeLeft UIInterfaceOrientationLandscapeRight";
				INFOPLIST_KEY_UISupportedInterfaceOrientations_iPhone = "UIInterfaceOrientationPortrait UIInterfaceOrientationLandscapeLeft UIInterfaceOrientationLandscapeRight";
				LD_RUNPATH_SEARCH_PATHS = (
					"$(inherited)",
					"@executable_path/Frameworks",
				);
				MARKETING_VERSION = 1.0;
				PRODUCT_BUNDLE_IDENTIFIER = blob.RingOrPing;
				PRODUCT_NAME = "$(TARGET_NAME)";
				SWIFT_EMIT_LOC_STRINGS = YES;
				SWIFT_VERSION = 5.0;
				TARGETED_DEVICE_FAMILY = "1,2";
			};
			name = Debug;
		};
		9607AD042D3B792800E5606B /* Release */ = {
			isa = XCBuildConfiguration;
			buildSettings = {
				ASSETCATALOG_COMPILER_APPICON_NAME = AppIcon;
				ASSETCATALOG_COMPILER_GLOBAL_ACCENT_COLOR_NAME = AccentColor;
				CODE_SIGN_STYLE = Automatic;
				CURRENT_PROJECT_VERSION = 1;
				DEVELOPMENT_ASSET_PATHS = "\"RingOrPing/Preview Content\"";
				ENABLE_PREVIEWS = YES;
				GENERATE_INFOPLIST_FILE = YES;
				INFOPLIST_KEY_UIApplicationSceneManifest_Generation = YES;
				INFOPLIST_KEY_UIApplicationSupportsIndirectInputEvents = YES;
				INFOPLIST_KEY_UILaunchScreen_Generation = YES;
				INFOPLIST_KEY_UISupportedInterfaceOrientations_iPad = "UIInterfaceOrientationPortrait UIInterfaceOrientationPortraitUpsideDown UIInterfaceOrientationLandscapeLeft UIInterfaceOrientationLandscapeRight";
				INFOPLIST_KEY_UISupportedInterfaceOrientations_iPhone = "UIInterfaceOrientationPortrait UIInterfaceOrientationLandscapeLeft UIInterfaceOrientationLandscapeRight";
				LD_RUNPATH_SEARCH_PATHS = (
					"$(inherited)",
					"@executable_path/Frameworks",
				);
				MARKETING_VERSION = 1.0;
				PRODUCT_BUNDLE_IDENTIFIER = blob.RingOrPing;
				PRODUCT_NAME = "$(TARGET_NAME)";
				SWIFT_EMIT_LOC_STRINGS = YES;
				SWIFT_VERSION = 5.0;
				TARGETED_DEVICE_FAMILY = "1,2";
			};
			name = Release;
		};
		9607AD062D3B792800E5606B /* Debug */ = {
			isa = XCBuildConfiguration;
			buildSettings = {
				BUNDLE_LOADER = "$(TEST_HOST)";
				CODE_SIGN_STYLE = Automatic;
				CURRENT_PROJECT_VERSION = 1;
				GENERATE_INFOPLIST_FILE = YES;
				IPHONEOS_DEPLOYMENT_TARGET = 18.2;
				MARKETING_VERSION = 1.0;
				PRODUCT_BUNDLE_IDENTIFIER = blob.RingOrPingTests;
				PRODUCT_NAME = "$(TARGET_NAME)";
				SWIFT_EMIT_LOC_STRINGS = NO;
				SWIFT_VERSION = 5.0;
				TARGETED_DEVICE_FAMILY = "1,2";
				TEST_HOST = "$(BUILT_PRODUCTS_DIR)/RingOrPing.app/$(BUNDLE_EXECUTABLE_FOLDER_PATH)/RingOrPing";
			};
			name = Debug;
		};
		9607AD072D3B792800E5606B /* Release */ = {
			isa = XCBuildConfiguration;
			buildSettings = {
				BUNDLE_LOADER = "$(TEST_HOST)";
				CODE_SIGN_STYLE = Automatic;
				CURRENT_PROJECT_VERSION = 1;
				GENERATE_INFOPLIST_FILE = YES;
				IPHONEOS_DEPLOYMENT_TARGET = 18.2;
				MARKETING_VERSION = 1.0;
				PRODUCT_BUNDLE_IDENTIFIER = blob.RingOrPingTests;
				PRODUCT_NAME = "$(TARGET_NAME)";
				SWIFT_EMIT_LOC_STRINGS = NO;
				SWIFT_VERSION = 5.0;
				TARGETED_DEVICE_FAMILY = "1,2";
				TEST_HOST = "$(BUILT_PRODUCTS_DIR)/RingOrPing.app/$(BUNDLE_EXECUTABLE_FOLDER_PATH)/RingOrPing";
			};
			name = Release;
		};
		9607AD092D3B792800E5606B /* Debug */ = {
			isa = XCBuildConfiguration;
			buildSettings = {
				CODE_SIGN_STYLE = Automatic;
				CURRENT_PROJECT_VERSION = 1;
				GENERATE_INFOPLIST_FILE = YES;
				MARKETING_VERSION = 1.0;
				PRODUCT_BUNDLE_IDENTIFIER = blob.RingOrPingUITests;
				PRODUCT_NAME = "$(TARGET_NAME)";
				SWIFT_EMIT_LOC_STRINGS = NO;
				SWIFT_VERSION = 5.0;
				TARGETED_DEVICE_FAMILY = "1,2";
				TEST_TARGET_NAME = RingOrPing;
			};
			name = Debug;
		};
		9607AD0A2D3B792800E5606B /* Release */ = {
			isa = XCBuildConfiguration;
			buildSettings = {
				CODE_SIGN_STYLE = Automatic;
				CURRENT_PROJECT_VERSION = 1;
				GENERATE_INFOPLIST_FILE = YES;
				MARKETING_VERSION = 1.0;
				PRODUCT_BUNDLE_IDENTIFIER = blob.RingOrPingUITests;
				PRODUCT_NAME = "$(TARGET_NAME)";
				SWIFT_EMIT_LOC_STRINGS = NO;
				SWIFT_VERSION = 5.0;
				TARGETED_DEVICE_FAMILY = "1,2";
				TEST_TARGET_NAME = RingOrPing;
			};
			name = Release;
		};
/* End XCBuildConfiguration section */

/* Begin XCConfigurationList section */
		9607ACD92D3B792500E5606B /* Build configuration list for PBXProject "RingOrPing" */ = {
			isa = XCConfigurationList;
			buildConfigurations = (
				9607AD002D3B792800E5606B /* Debug */,
				9607AD012D3B792800E5606B /* Release */,
			);
			defaultConfigurationIsVisible = 0;
			defaultConfigurationName = Release;
		};
		9607AD022D3B792800E5606B /* Build configuration list for PBXNativeTarget "RingOrPing" */ = {
			isa = XCConfigurationList;
			buildConfigurations = (
				9607AD032D3B792800E5606B /* Debug */,
				9607AD042D3B792800E5606B /* Release */,
			);
			defaultConfigurationIsVisible = 0;
			defaultConfigurationName = Release;
		};
		9607AD052D3B792800E5606B /* Build configuration list for PBXNativeTarget "RingOrPingTests" */ = {
			isa = XCConfigurationList;
			buildConfigurations = (
				9607AD062D3B792800E5606B /* Debug */,
				9607AD072D3B792800E5606B /* Release */,
			);
			defaultConfigurationIsVisible = 0;
			defaultConfigurationName = Release;
		};
		9607AD082D3B792800E5606B /* Build configuration list for PBXNativeTarget "RingOrPingUITests" */ = {
			isa = XCConfigurationList;
			buildConfigurations = (
				9607AD092D3B792800E5606B /* Debug */,
				9607AD0A2D3B792800E5606B /* Release */,
			);
			defaultConfigurationIsVisible = 0;
			defaultConfigurationName = Release;
		};
/* End XCConfigurationList section */
	};
	rootObject = 9607ACD62D3B792500E5606B /* Project object */;
}
